
Microsoft Visual Studio Solution File, Format Version 12.00
# Visual Studio Version 16
VisualStudioVersion = 16.0.30011.22
MinimumVisualStudioVersion = 10.0.40219.1
Project("{888888A0-9F3D-457C-B088-3A5042F75D52}") = "Cyrating2TH", "Cyrating2TH.pyproj", "{C68D1E5C-D675-452A-B706-31D73B96264A}"
EndProject
Global
	GlobalSection(SolutionConfigurationPlatforms) = preSolution
		Debug|Any CPU = Debug|Any CPU
		Release|Any CPU = Release|Any CPU
	EndGlobalSection
	GlobalSection(ProjectConfigurationPlatforms) = postSolution
		{C68D1E5C-D675-452A-B706-31D73B96264A}.Debug|Any CPU.ActiveCfg = Debug|Any CPU
		{C68D1E5C-D675-452A-B706-31D73B96264A}.Release|Any CPU.ActiveCfg = Release|Any CPU
	EndGlobalSection
	GlobalSection(SolutionProperties) = preSolution
		HideSolutionNode = FALSE
	EndGlobalSection
	GlobalSection(ExtensibilityGlobals) = postSolution
		SolutionGuid = {C9C51992-BE3B-4C66-9A5D-559304522CDF}
	EndGlobalSection
EndGlobal
